// !$*UTF8*$!
{
	archiveVersion = 1;
	classes = {
	};
	objectVersion = 48;
	objects = {

/* Begin PBXBuildFile section */
		FE3FB95C205B872D00BB936B /* AppDelegate.swift in Sources */ = {isa = PBXBuildFile; fileRef = FE3FB95B205B872D00BB936B /* AppDelegate.swift */; };
		FE3FB95E205B872D00BB936B /* ViewController.swift in Sources */ = {isa = PBXBuildFile; fileRef = FE3FB95D205B872D00BB936B /* ViewController.swift */; };
		FE3FB961205B872D00BB936B /* Main.storyboard in Resources */ = {isa = PBXBuildFile; fileRef = FE3FB95F205B872D00BB936B /* Main.storyboard */; };
		FE3FB963205B872D00BB936B /* Assets.xcassets in Resources */ = {isa = PBXBuildFile; fileRef = FE3FB962205B872D00BB936B /* Assets.xcassets */; };
		FE3FB966205B872D00BB936B /* LaunchScreen.storyboard in Resources */ = {isa = PBXBuildFile; fileRef = FE3FB964205B872D00BB936B /* LaunchScreen.storyboard */; };
		FE3FB971205B872D00BB936B /* PickerViewTests.swift in Sources */ = {isa = PBXBuildFile; fileRef = FE3FB970205B872D00BB936B /* PickerViewTests.swift */; };
		FE3FB97C205B872D00BB936B /* PickerViewUITests.swift in Sources */ = {isa = PBXBuildFile; fileRef = FE3FB97B205B872D00BB936B /* PickerViewUITests.swift */; };
/* End PBXBuildFile section */

/* Begin PBXContainerItemProxy section */
		FE3FB96D205B872D00BB936B /* PBXContainerItemProxy */ = {
			isa = PBXContainerItemProxy;
			containerPortal = FE3FB950205B872C00BB936B /* Project object */;
			proxyType = 1;
			remoteGlobalIDString = FE3FB957205B872C00BB936B;
			remoteInfo = PickerView;
		};
		FE3FB978205B872D00BB936B /* PBXContainerItemProxy */ = {
			isa = PBXContainerItemProxy;
			containerPortal = FE3FB950205B872C00BB936B /* Project object */;
			proxyType = 1;
			remoteGlobalIDString = FE3FB957205B872C00BB936B;
			remoteInfo = PickerView;
		};
/* End PBXContainerItemProxy section */

/* Begin PBXFileReference section */
		FE3FB958205B872C00BB936B /* PickerView.app */ = {isa = PBXFileReference; explicitFileType = wrapper.application; includeInIndex = 0; path = PickerView.app; sourceTree = BUILT_PRODUCTS_DIR; };
		FE3FB95B205B872D00BB936B /* AppDelegate.swift */ = {isa = PBXFileReference; lastKnownFileType = sourcecode.swift; path = AppDelegate.swift; sourceTree = "<group>"; };
		FE3FB95D205B872D00BB936B /* ViewController.swift */ = {isa = PBXFileReference; lastKnownFileType = sourcecode.swift; path = ViewController.swift; sourceTree = "<group>"; };
		FE3FB960205B872D00BB936B /* Base */ = {isa = PBXFileReference; lastKnownFileType = file.storyboard; name = Base; path = Base.lproj/Main.storyboard; sourceTree = "<group>"; };
		FE3FB962205B872D00BB936B /* Assets.xcassets */ = {isa = PBXFileReference; lastKnownFileType = folder.assetcatalog; path = Assets.xcassets; sourceTree = "<group>"; };
		FE3FB965205B872D00BB936B /* Base */ = {isa = PBXFileReference; lastKnownFileType = file.storyboard; name = Base; path = Base.lproj/LaunchScreen.storyboard; sourceTree = "<group>"; };
		FE3FB967205B872D00BB936B /* Info.plist */ = {isa = PBXFileReference; lastKnownFileType = text.plist.xml; path = Info.plist; sourceTree = "<group>"; };
		FE3FB96C205B872D00BB936B /* PickerViewTests.xctest */ = {isa = PBXFileReference; explicitFileType = wrapper.cfbundle; includeInIndex = 0; path = PickerViewTests.xctest; sourceTree = BUILT_PRODUCTS_DIR; };
		FE3FB970205B872D00BB936B /* PickerViewTests.swift */ = {isa = PBXFileReference; lastKnownFileType = sourcecode.swift; path = PickerViewTests.swift; sourceTree = "<group>"; };
		FE3FB972205B872D00BB936B /* Info.plist */ = {isa = PBXFileReference; lastKnownFileType = text.plist.xml; path = Info.plist; sourceTree = "<group>"; };
		FE3FB977205B872D00BB936B /* PickerViewUITests.xctest */ = {isa = PBXFileReference; explicitFileType = wrapper.cfbundle; includeInIndex = 0; path = PickerViewUITests.xctest; sourceTree = BUILT_PRODUCTS_DIR; };
		FE3FB97B205B872D00BB936B /* PickerViewUITests.swift */ = {isa = PBXFileReference; lastKnownFileType = sourcecode.swift; path = PickerViewUITests.swift; sourceTree = "<group>"; };
		FE3FB97D205B872D00BB936B /* Info.plist */ = {isa = PBXFileReference; lastKnownFileType = text.plist.xml; path = Info.plist; sourceTree = "<group>"; };
/* End PBXFileReference section */

/* Begin PBXFrameworksBuildPhase section */
		FE3FB955205B872C00BB936B /* Frameworks */ = {
			isa = PBXFrameworksBuildPhase;
			buildActionMask = 2147483647;
			files = (
			);
			runOnlyForDeploymentPostprocessing = 0;
		};
		FE3FB969205B872D00BB936B /* Frameworks */ = {
			isa = PBXFrameworksBuildPhase;
			buildActionMask = 2147483647;
			files = (
			);
			runOnlyForDeploymentPostprocessing = 0;
		};
		FE3FB974205B872D00BB936B /* Frameworks */ = {
			isa = PBXFrameworksBuildPhase;
			buildActionMask = 2147483647;
			files = (
			);
			runOnlyForDeploymentPostprocessing = 0;
		};
/* End PBXFrameworksBuildPhase section */

/* Begin PBXGroup section */
		FE3FB94F205B872C00BB936B = {
			isa = PBXGroup;
			children = (
				FE3FB95A205B872C00BB936B /* PickerView */,
				FE3FB96F205B872D00BB936B /* PickerViewTests */,
				FE3FB97A205B872D00BB936B /* PickerViewUITests */,
				FE3FB959205B872C00BB936B /* Products */,
			);
			sourceTree = "<group>";
		};
		FE3FB959205B872C00BB936B /* Products */ = {
			isa = PBXGroup;
			children = (
				FE3FB958205B872C00BB936B /* PickerView.app */,
				FE3FB96C205B872D00BB936B /* PickerViewTests.xctest */,
				FE3FB977205B872D00BB936B /* PickerViewUITests.xctest */,
			);
			name = Products;
			sourceTree = "<group>";
		};
		FE3FB95A205B872C00BB936B /* PickerView */ = {
			isa = PBXGroup;
			children = (
				FE3FB95B205B872D00BB936B /* AppDelegate.swift */,
				FE3FB95D205B872D00BB936B /* ViewController.swift */,
				FE3FB95F205B872D00BB936B /* Main.storyboard */,
				FE3FB962205B872D00BB936B /* Assets.xcassets */,
				FE3FB964205B872D00BB936B /* LaunchScreen.storyboard */,
				FE3FB967205B872D00BB936B /* Info.plist */,
			);
			path = PickerView;
			sourceTree = "<group>";
		};
		FE3FB96F205B872D00BB936B /* PickerViewTests */ = {
			isa = PBXGroup;
			children = (
				FE3FB970205B872D00BB936B /* PickerViewTests.swift */,
				FE3FB972205B872D00BB936B /* Info.plist */,
			);
			path = PickerViewTests;
			sourceTree = "<group>";
		};
		FE3FB97A205B872D00BB936B /* PickerViewUITests */ = {
			isa = PBXGroup;
			children = (
				FE3FB97B205B872D00BB936B /* PickerViewUITests.swift */,
				FE3FB97D205B872D00BB936B /* Info.plist */,
			);
			path = PickerViewUITests;
			sourceTree = "<group>";
		};
/* End PBXGroup section */

/* Begin PBXNativeTarget section */
		FE3FB957205B872C00BB936B /* PickerView */ = {
			isa = PBXNativeTarget;
			buildConfigurationList = FE3FB980205B872D00BB936B /* Build configuration list for PBXNativeTarget "PickerView" */;
			buildPhases = (
				FE3FB954205B872C00BB936B /* Sources */,
				FE3FB955205B872C00BB936B /* Frameworks */,
				FE3FB956205B872C00BB936B /* Resources */,
			);
			buildRules = (
			);
			dependencies = (
			);
			name = PickerView;
			productName = PickerView;
			productReference = FE3FB958205B872C00BB936B /* PickerView.app */;
			productType = "com.apple.product-type.application";
		};
		FE3FB96B205B872D00BB936B /* PickerViewTests */ = {
			isa = PBXNativeTarget;
			buildConfigurationList = FE3FB983205B872D00BB936B /* Build configuration list for PBXNativeTarget "PickerViewTests" */;
			buildPhases = (
				FE3FB968205B872D00BB936B /* Sources */,
				FE3FB969205B872D00BB936B /* Frameworks */,
				FE3FB96A205B872D00BB936B /* Resources */,
			);
			buildRules = (
			);
			dependencies = (
				FE3FB96E205B872D00BB936B /* PBXTargetDependency */,
			);
			name = PickerViewTests;
			productName = PickerViewTests;
			productReference = FE3FB96C205B872D00BB936B /* PickerViewTests.xctest */;
			productType = "com.apple.product-type.bundle.unit-test";
		};
		FE3FB976205B872D00BB936B /* PickerViewUITests */ = {
			isa = PBXNativeTarget;
			buildConfigurationList = FE3FB986205B872D00BB936B /* Build configuration list for PBXNativeTarget "PickerViewUITests" */;
			buildPhases = (
				FE3FB973205B872D00BB936B /* Sources */,
				FE3FB974205B872D00BB936B /* Frameworks */,
				FE3FB975205B872D00BB936B /* Resources */,
			);
			buildRules = (
			);
			dependencies = (
				FE3FB979205B872D00BB936B /* PBXTargetDependency */,
			);
			name = PickerViewUITests;
			productName = PickerViewUITests;
			productReference = FE3FB977205B872D00BB936B /* PickerViewUITests.xctest */;
			productType = "com.apple.product-type.bundle.ui-testing";
		};
/* End PBXNativeTarget section */

/* Begin PBXProject section */
		FE3FB950205B872C00BB936B /* Project object */ = {
			isa = PBXProject;
			attributes = {
				LastSwiftUpdateCheck = 0920;
				LastUpgradeCheck = 0920;
				ORGANIZATIONNAME = "Sang won Seo";
				TargetAttributes = {
					FE3FB957205B872C00BB936B = {
						CreatedOnToolsVersion = 9.2;
						ProvisioningStyle = Automatic;
					};
					FE3FB96B205B872D00BB936B = {
						CreatedOnToolsVersion = 9.2;
						ProvisioningStyle = Automatic;
						TestTargetID = FE3FB957205B872C00BB936B;
					};
					FE3FB976205B872D00BB936B = {
						CreatedOnToolsVersion = 9.2;
						ProvisioningStyle = Automatic;
						TestTargetID = FE3FB957205B872C00BB936B;
					};
				};
			};
			buildConfigurationList = FE3FB953205B872C00BB936B /* Build configuration list for PBXProject "PickerView" */;
			compatibilityVersion = "Xcode 8.0";
			developmentRegion = en;
			hasScannedForEncodings = 0;
			knownRegions = (
				en,
				Base,
			);
			mainGroup = FE3FB94F205B872C00BB936B;
			productRefGroup = FE3FB959205B872C00BB936B /* Products */;
			projectDirPath = "";
			projectRoot = "";
			targets = (
				FE3FB957205B872C00BB936B /* PickerView */,
				FE3FB96B205B872D00BB936B /* PickerViewTests */,
				FE3FB976205B872D00BB936B /* PickerViewUITests */,
			);
		};
/* End PBXProject section */

/* Begin PBXResourcesBuildPhase section */
		FE3FB956205B872C00BB936B /* Resources */ = {
			isa = PBXResourcesBuildPhase;
			buildActionMask = 2147483647;
			files = (
				FE3FB966205B872D00BB936B /* LaunchScreen.storyboard in Resources */,
				FE3FB963205B872D00BB936B /* Assets.xcassets in Resources */,
				FE3FB961205B872D00BB936B /* Main.storyboard in Resources */,
			);
			runOnlyForDeploymentPostprocessing = 0;
		};
		FE3FB96A205B872D00BB936B /* Resources */ = {
			isa = PBXResourcesBuildPhase;
			buildActionMask = 2147483647;
			files = (
			);
			runOnlyForDeploymentPostprocessing = 0;
		};
		FE3FB975205B872D00BB936B /* Resources */ = {
			isa = PBXResourcesBuildPhase;
			buildActionMask = 2147483647;
			files = (
			);
			runOnlyForDeploymentPostprocessing = 0;
		};
/* End PBXResourcesBuildPhase section */

/* Begin PBXSourcesBuildPhase section */
		FE3FB954205B872C00BB936B /* Sources */ = {
			isa = PBXSourcesBuildPhase;
			buildActionMask = 2147483647;
			files = (
				FE3FB95E205B872D00BB936B /* ViewController.swift in Sources */,
				FE3FB95C205B872D00BB936B /* AppDelegate.swift in Sources */,
			);
			runOnlyForDeploymentPostprocessing = 0;
		};
		FE3FB968205B872D00BB936B /* Sources */ = {
			isa = PBXSourcesBuildPhase;
			buildActionMask = 2147483647;
			files = (
				FE3FB971205B872D00BB936B /* PickerViewTests.swift in Sources */,
			);
			runOnlyForDeploymentPostprocessing = 0;
		};
		FE3FB973205B872D00BB936B /* Sources */ = {
			isa = PBXSourcesBuildPhase;
			buildActionMask = 2147483647;
			files = (
				FE3FB97C205B872D00BB936B /* PickerViewUITests.swift in Sources */,
			);
			runOnlyForDeploymentPostprocessing = 0;
		};
/* End PBXSourcesBuildPhase section */

/* Begin PBXTargetDependency section */
		FE3FB96E205B872D00BB936B /* PBXTargetDependency */ = {
			isa = PBXTargetDependency;
			target = FE3FB957205B872C00BB936B /* PickerView */;
			targetProxy = FE3FB96D205B872D00BB936B /* PBXContainerItemProxy */;
		};
		FE3FB979205B872D00BB936B /* PBXTargetDependency */ = {
			isa = PBXTargetDependency;
			target = FE3FB957205B872C00BB936B /* PickerView */;
			targetProxy = FE3FB978205B872D00BB936B /* PBXContainerItemProxy */;
		};
/* End PBXTargetDependency section */

/* Begin PBXVariantGroup section */
		FE3FB95F205B872D00BB936B /* Main.storyboard */ = {
			isa = PBXVariantGroup;
			children = (
				FE3FB960205B872D00BB936B /* Base */,
			);
			name = Main.storyboard;
			sourceTree = "<group>";
		};
		FE3FB964205B872D00BB936B /* LaunchScreen.storyboard */ = {
			isa = PBXVariantGroup;
			children = (
				FE3FB965205B872D00BB936B /* Base */,
			);
			name = LaunchScreen.storyboard;
			sourceTree = "<group>";
		};
/* End PBXVariantGroup section */

/* Begin XCBuildConfiguration section */
		FE3FB97E205B872D00BB936B /* Debug */ = {
			isa = XCBuildConfiguration;
			buildSettings = {
				ALWAYS_SEARCH_USER_PATHS = NO;
				CLANG_ANALYZER_NONNULL = YES;
				CLANG_ANALYZER_NUMBER_OBJECT_CONVERSION = YES_AGGRESSIVE;
				CLANG_CXX_LANGUAGE_STANDARD = "gnu++14";
				CLANG_CXX_LIBRARY = "libc++";
				CLANG_ENABLE_MODULES = YES;
				CLANG_ENABLE_OBJC_ARC = YES;
				CLANG_WARN_BLOCK_CAPTURE_AUTORELEASING = YES;
				CLANG_WARN_BOOL_CONVERSION = YES;
				CLANG_WARN_COMMA = YES;
				CLANG_WARN_CONSTANT_CONVERSION = YES;
				CLANG_WARN_DIRECT_OBJC_ISA_USAGE = YES_ERROR;
				CLANG_WARN_DOCUMENTATION_COMMENTS = YES;
				CLANG_WARN_EMPTY_BODY = YES;
				CLANG_WARN_ENUM_CONVERSION = YES;
				CLANG_WARN_INFINITE_RECURSION = YES;
				CLANG_WARN_INT_CONVERSION = YES;
				CLANG_WARN_NON_LITERAL_NULL_CONVERSION = YES;
				CLANG_WARN_OBJC_LITERAL_CONVERSION = YES;
				CLANG_WARN_OBJC_ROOT_CLASS = YES_ERROR;
				CLANG_WARN_RANGE_LOOP_ANALYSIS = YES;
				CLANG_WARN_STRICT_PROTOTYPES = YES;
				CLANG_WARN_SUSPICIOUS_MOVE = YES;
				CLANG_WARN_UNGUARDED_AVAILABILITY = YES_AGGRESSIVE;
				CLANG_WARN_UNREACHABLE_CODE = YES;
				CLANG_WARN__DUPLICATE_METHOD_MATCH = YES;
				CODE_SIGN_IDENTITY = "iPhone Developer";
				COPY_PHASE_STRIP = NO;
				DEBUG_INFORMATION_FORMAT = dwarf;
				ENABLE_STRICT_OBJC_MSGSEND = YES;
				ENABLE_TESTABILITY = YES;
				GCC_C_LANGUAGE_STANDARD = gnu11;
				GCC_DYNAMIC_NO_PIC = NO;
				GCC_NO_COMMON_BLOCKS = YES;
				GCC_OPTIMIZATION_LEVEL = 0;
				GCC_PREPROCESSOR_DEFINITIONS = (
					"DEBUG=1",
					"$(inherited)",
				);
				GCC_WARN_64_TO_32_BIT_CONVERSION = YES;
				GCC_WARN_ABOUT_RETURN_TYPE = YES_ERROR;
				GCC_WARN_UNDECLARED_SELECTOR = YES;
				GCC_WARN_UNINITIALIZED_AUTOS = YES_AGGRESSIVE;
				GCC_WARN_UNUSED_FUNCTION = YES;
				GCC_WARN_UNUSED_VARIABLE = YES;
				IPHONEOS_DEPLOYMENT_TARGET = 11.2;
				MTL_ENABLE_DEBUG_INFO = YES;
				ONLY_ACTIVE_ARCH = YES;
				SDKROOT = iphoneos;
				SWIFT_ACTIVE_COMPILATION_CONDITIONS = DEBUG;
				SWIFT_OPTIMIZATION_LEVEL = "-Onone";
			};
			name = Debug;
		};
		FE3FB97F205B872D00BB936B /* Release */ = {
			isa = XCBuildConfiguration;
			buildSettings = {
				ALWAYS_SEARCH_USER_PATHS = NO;
				CLANG_ANALYZER_NONNULL = YES;
				CLANG_ANALYZER_NUMBER_OBJECT_CONVERSION = YES_AGGRESSIVE;
				CLANG_CXX_LANGUAGE_STANDARD = "gnu++14";
				CLANG_CXX_LIBRARY = "libc++";
				CLANG_ENABLE_MODULES = YES;
				CLANG_ENABLE_OBJC_ARC = YES;
				CLANG_WARN_BLOCK_CAPTURE_AUTORELEASING = YES;
				CLANG_WARN_BOOL_CONVERSION = YES;
				CLANG_WARN_COMMA = YES;
				CLANG_WARN_CONSTANT_CONVERSION = YES;
				CLANG_WARN_DIRECT_OBJC_ISA_USAGE = YES_ERROR;
				CLANG_WARN_DOCUMENTATION_COMMENTS = YES;
				CLANG_WARN_EMPTY_BODY = YES;
				CLANG_WARN_ENUM_CONVERSION = YES;
				CLANG_WARN_INFINITE_RECURSION = YES;
				CLANG_WARN_INT_CONVERSION = YES;
				CLANG_WARN_NON_LITERAL_NULL_CONVERSION = YES;
				CLANG_WARN_OBJC_LITERAL_CONVERSION = YES;
				CLANG_WARN_OBJC_ROOT_CLASS = YES_ERROR;
				CLANG_WARN_RANGE_LOOP_ANALYSIS = YES;
				CLANG_WARN_STRICT_PROTOTYPES = YES;
				CLANG_WARN_SUSPICIOUS_MOVE = YES;
				CLANG_WARN_UNGUARDED_AVAILABILITY = YES_AGGRESSIVE;
				CLANG_WARN_UNREACHABLE_CODE = YES;
				CLANG_WARN__DUPLICATE_METHOD_MATCH = YES;
				CODE_SIGN_IDENTITY = "iPhone Developer";
				COPY_PHASE_STRIP = NO;
				DEBUG_INFORMATION_FORMAT = "dwarf-with-dsym";
				ENABLE_NS_ASSERTIONS = NO;
				ENABLE_STRICT_OBJC_MSGSEND = YES;
				GCC_C_LANGUAGE_STANDARD = gnu11;
				GCC_NO_COMMON_BLOCKS = YES;
				GCC_WARN_64_TO_32_BIT_CONVERSION = YES;
				GCC_WARN_ABOUT_RETURN_TYPE = YES_ERROR;
				GCC_WARN_UNDECLARED_SELECTOR = YES;
				GCC_WARN_UNINITIALIZED_AUTOS = YES_AGGRESSIVE;
				GCC_WARN_UNUSED_FUNCTION = YES;
				GCC_WARN_UNUSED_VARIABLE = YES;
				IPHONEOS_DEPLOYMENT_TARGET = 11.2;
				MTL_ENABLE_DEBUG_INFO = NO;
				SDKROOT = iphoneos;
				SWIFT_OPTIMIZATION_LEVEL = "-Owholemodule";
				VALIDATE_PRODUCT = YES;
			};
			name = Release;
		};
		FE3FB981205B872D00BB936B /* Debug */ = {
			isa = XCBuildConfiguration;
			buildSettings = {
				ASSETCATALOG_COMPILER_APPICON_NAME = AppIcon;
				CODE_SIGN_STYLE = Automatic;
				DEVELOPMENT_TEAM = BU392JZ299;
				INFOPLIST_FILE = PickerView/Info.plist;
				LD_RUNPATH_SEARCH_PATHS = "$(inherited) @executable_path/Frameworks";
				PRODUCT_BUNDLE_IDENTIFIER = kr.ac.ditapps.PickerView;
				PRODUCT_NAME = "$(TARGET_NAME)";
				SWIFT_VERSION = 4.0;
				TARGETED_DEVICE_FAMILY = "1,2";
			};
			name = Debug;
		};
		FE3FB982205B872D00BB936B /* Release */ = {
			isa = XCBuildConfiguration;
			buildSettings = {
				ASSETCATALOG_COMPILER_APPICON_NAME = AppIcon;
				CODE_SIGN_STYLE = Automatic;
				DEVELOPMENT_TEAM = BU392JZ299;
				INFOPLIST_FILE = PickerView/Info.plist;
				LD_RUNPATH_SEARCH_PATHS = "$(inherited) @executable_path/Frameworks";
				PRODUCT_BUNDLE_IDENTIFIER = kr.ac.ditapps.PickerView;
				PRODUCT_NAME = "$(TARGET_NAME)";
				SWIFT_VERSION = 4.0;
				TARGETED_DEVICE_FAMILY = "1,2";
			};
			name = Release;
		};
		FE3FB984205B872D00BB936B /* Debug */ = {
			isa = XCBuildConfiguration;
			buildSettings = {
				ALWAYS_EMBED_SWIFT_STANDARD_LIBRARIES = YES;
				BUNDLE_LOADER = "$(TEST_HOST)";
				CODE_SIGN_STYLE = Automatic;
				DEVELOPMENT_TEAM = BU392JZ299;
				INFOPLIST_FILE = PickerViewTests/Info.plist;
				LD_RUNPATH_SEARCH_PATHS = "$(inherited) @executable_path/Frameworks @loader_path/Frameworks";
				PRODUCT_BUNDLE_IDENTIFIER = kr.ac.ditapps.PickerViewTests;
				PRODUCT_NAME = "$(TARGET_NAME)";
				SWIFT_VERSION = 4.0;
				TARGETED_DEVICE_FAMILY = "1,2";
				TEST_HOST = "$(BUILT_PRODUCTS_DIR)/PickerView.app/PickerView";
			};
			name = Debug;
		};
		FE3FB985205B872D00BB936B /* Release */ = {
			isa = XCBuildConfiguration;
			buildSettings = {
				ALWAYS_EMBED_SWIFT_STANDARD_LIBRARIES = YES;
				BUNDLE_LOADER = "$(TEST_HOST)";
				CODE_SIGN_STYLE = Automatic;
				DEVELOPMENT_TEAM = BU392JZ299;
				INFOPLIST_FILE = PickerViewTests/Info.plist;
				LD_RUNPATH_SEARCH_PATHS = "$(inherited) @executable_path/Frameworks @loader_path/Frameworks";
				PRODUCT_BUNDLE_IDENTIFIER = kr.ac.ditapps.PickerViewTests;
				PRODUCT_NAME = "$(TARGET_NAME)";
				SWIFT_VERSION = 4.0;
				TARGETED_DEVICE_FAMILY = "1,2";
				TEST_HOST = "$(BUILT_PRODUCTS_DIR)/PickerView.app/PickerView";
			};
			name = Release;
		};
		FE3FB987205B872D00BB936B /* Debug */ = {
			isa = XCBuildConfiguration;
			buildSettings = {
				ALWAYS_EMBED_SWIFT_STANDARD_LIBRARIES = YES;
				CODE_SIGN_STYLE = Automatic;
				DEVELOPMENT_TEAM = BU392JZ299;
				INFOPLIST_FILE = PickerViewUITests/Info.plist;
				LD_RUNPATH_SEARCH_PATHS = "$(inherited) @executable_path/Frameworks @loader_path/Frameworks";
				PRODUCT_BUNDLE_IDENTIFIER = kr.ac.ditapps.PickerViewUITests;
				PRODUCT_NAME = "$(TARGET_NAME)";
				SWIFT_VERSION = 4.0;
				TARGETED_DEVICE_FAMILY = "1,2";
				TEST_TARGET_NAME = PickerView;
			};
			name = Debug;
		};
		FE3FB988205B872D00BB936B /* Release */ = {
			isa = XCBuildConfiguration;
			buildSettings = {
				ALWAYS_EMBED_SWIFT_STANDARD_LIBRARIES = YES;
				CODE_SIGN_STYLE = Automatic;
				DEVELOPMENT_TEAM = BU392JZ299;
				INFOPLIST_FILE = PickerViewUITests/Info.plist;
				LD_RUNPATH_SEARCH_PATHS = "$(inherited) @executable_path/Frameworks @loader_path/Frameworks";
				PRODUCT_BUNDLE_IDENTIFIER = kr.ac.ditapps.PickerViewUITests;
				PRODUCT_NAME = "$(TARGET_NAME)";
				SWIFT_VERSION = 4.0;
				TARGETED_DEVICE_FAMILY = "1,2";
				TEST_TARGET_NAME = PickerView;
			};
			name = Release;
		};
/* End XCBuildConfiguration section */

/* Begin XCConfigurationList section */
		FE3FB953205B872C00BB936B /* Build configuration list for PBXProject "PickerView" */ = {
			isa = XCConfigurationList;
			buildConfigurations = (
				FE3FB97E205B872D00BB936B /* Debug */,
				FE3FB97F205B872D00BB936B /* Release */,
			);
			defaultConfigurationIsVisible = 0;
			defaultConfigurationName = Release;
		};
		FE3FB980205B872D00BB936B /* Build configuration list for PBXNativeTarget "PickerView" */ = {
			isa = XCConfigurationList;
			buildConfigurations = (
				FE3FB981205B872D00BB936B /* Debug */,
				FE3FB982205B872D00BB936B /* Release */,
			);
			defaultConfigurationIsVisible = 0;
			defaultConfigurationName = Release;
		};
		FE3FB983205B872D00BB936B /* Build configuration list for PBXNativeTarget "PickerViewTests" */ = {
			isa = XCConfigurationList;
			buildConfigurations = (
				FE3FB984205B872D00BB936B /* Debug */,
				FE3FB985205B872D00BB936B /* Release */,
			);
			defaultConfigurationIsVisible = 0;
			defaultConfigurationName = Release;
		};
		FE3FB986205B872D00BB936B /* Build configuration list for PBXNativeTarget "PickerViewUITests" */ = {
			isa = XCConfigurationList;
			buildConfigurations = (
				FE3FB987205B872D00BB936B /* Debug */,
				FE3FB988205B872D00BB936B /* Release */,
			);
			defaultConfigurationIsVisible = 0;
			defaultConfigurationName = Release;
		};
/* End XCConfigurationList section */
	};
	rootObject = FE3FB950205B872C00BB936B /* Project object */;
}
